
Microsoft Visual Studio Solution File, Format Version 12.00
# Visual Studio Version 17
VisualStudioVersion = 17.8.34322.80
MinimumVisualStudioVersion = 10.0.40219.1
Project("{FAE04EC0-301F-11D3-BF4B-00C04F79EFBC}") = "List2", "List2\List2.csproj", "{7110A998-1092-4887-AAB2-C04EFBECB02A}"
EndProject
Global
	GlobalSection(SolutionConfigurationPlatforms) = preSolution
		Debug|Any CPU = Debug|Any CPU
		Release|Any CPU = Release|Any CPU
	EndGlobalSection
	GlobalSection(ProjectConfigurationPlatforms) = postSolution
		{7110A998-1092-4887-AAB2-C04EFBECB02A}.Debug|Any CPU.ActiveCfg = Debug|Any CPU
		{7110A998-1092-4887-AAB2-C04EFBECB02A}.Debug|Any CPU.Build.0 = Debug|Any CPU
		{7110A998-1092-4887-AAB2-C04EFBECB02A}.Release|Any CPU.ActiveCfg = Release|Any CPU
		{7110A998-1092-4887-AAB2-C04EFBECB02A}.Release|Any CPU.Build.0 = Release|Any CPU
	EndGlobalSection
	GlobalSection(SolutionProperties) = preSolution
		HideSolutionNode = FALSE
	EndGlobalSection
	GlobalSection(ExtensibilityGlobals) = postSolution
		SolutionGuid = {AC4183D1-772A-4017-A24D-E0F9E7ECF5D9}
	EndGlobalSection
EndGlobal
